// !$*UTF8*$!
{
	archiveVersion = 1;
	classes = {
	};
	objectVersion = 55;
	objects = {

/* Begin PBXBuildFile section */
		2BEF17078D6E844633CFB8A8 /* Pods_PomodoroCenter.framework in Frameworks */ = {isa = PBXBuildFile; fileRef = 4CEE1D24B463AEBE1A23A579 /* Pods_PomodoroCenter.framework */; };
		E20E608E28DC6D3000D43F02 /* Extensions.swift in Sources */ = {isa = PBXBuildFile; fileRef = E20E608D28DC6D3000D43F02 /* Extensions.swift */; };
		E22E486028DDC86000A84689 /* Time.swift in Sources */ = {isa = PBXBuildFile; fileRef = E22E485F28DDC86000A84689 /* Time.swift */; };
		E22E486628DDCB9600A84689 /* PomodoroCoreDataDatabase.swift in Sources */ = {isa = PBXBuildFile; fileRef = E22E486528DDCB9600A84689 /* PomodoroCoreDataDatabase.swift */; };
		E25126B528E0C7D600673B6F /* StatisticViewModel.swift in Sources */ = {isa = PBXBuildFile; fileRef = E25126B428E0C7D600673B6F /* StatisticViewModel.swift */; };
		E25126B728E0CF0200673B6F /* TimeByDay.swift in Sources */ = {isa = PBXBuildFile; fileRef = E25126B628E0CF0200673B6F /* TimeByDay.swift */; };
		E27A98B528E058E90002C14F /* StatisticsViewController.swift in Sources */ = {isa = PBXBuildFile; fileRef = E27A98B428E058E90002C14F /* StatisticsViewController.swift */; };
		E2955EA228E19C25002D868C /* Functions.swift in Sources */ = {isa = PBXBuildFile; fileRef = E2955EA128E19C25002D868C /* Functions.swift */; };
		E2A26BE828D9D4AE0098A182 /* TimeType.swift in Sources */ = {isa = PBXBuildFile; fileRef = E2A26BE728D9D4AE0098A182 /* TimeType.swift */; };
		E2B74AFB28D8EE4D0076ACC4 /* TimeViewModel.swift in Sources */ = {isa = PBXBuildFile; fileRef = E2B74AFA28D8EE4D0076ACC4 /* TimeViewModel.swift */; };
		E2B79D5428D891AD00058EF5 /* AppDelegate.swift in Sources */ = {isa = PBXBuildFile; fileRef = E2B79D5328D891AD00058EF5 /* AppDelegate.swift */; };
		E2B79D5628D891AD00058EF5 /* SceneDelegate.swift in Sources */ = {isa = PBXBuildFile; fileRef = E2B79D5528D891AD00058EF5 /* SceneDelegate.swift */; };
		E2B79D5828D891AD00058EF5 /* HomeViewController.swift in Sources */ = {isa = PBXBuildFile; fileRef = E2B79D5728D891AD00058EF5 /* HomeViewController.swift */; };
		E2B79D5E28D891AD00058EF5 /* PomodoroCenter.xcdatamodeld in Sources */ = {isa = PBXBuildFile; fileRef = E2B79D5C28D891AD00058EF5 /* PomodoroCenter.xcdatamodeld */; };
		E2B79D6028D891AF00058EF5 /* Assets.xcassets in Resources */ = {isa = PBXBuildFile; fileRef = E2B79D5F28D891AF00058EF5 /* Assets.xcassets */; };
		E2B79D6328D891AF00058EF5 /* LaunchScreen.storyboard in Resources */ = {isa = PBXBuildFile; fileRef = E2B79D6128D891AF00058EF5 /* LaunchScreen.storyboard */; };
/* End PBXBuildFile section */

/* Begin PBXFileReference section */
		204D242226EFEB5AE8379F2A /* Pods-PomodoroCenter.debug.xcconfig */ = {isa = PBXFileReference; includeInIndex = 1; lastKnownFileType = text.xcconfig; name = "Pods-PomodoroCenter.debug.xcconfig"; path = "Target Support Files/Pods-PomodoroCenter/Pods-PomodoroCenter.debug.xcconfig"; sourceTree = "<group>"; };
		4CEE1D24B463AEBE1A23A579 /* Pods_PomodoroCenter.framework */ = {isa = PBXFileReference; explicitFileType = wrapper.framework; includeInIndex = 0; path = Pods_PomodoroCenter.framework; sourceTree = BUILT_PRODUCTS_DIR; };
		9E4E5312E4304CAA511AD97F /* Pods-PomodoroCenter.release.xcconfig */ = {isa = PBXFileReference; includeInIndex = 1; lastKnownFileType = text.xcconfig; name = "Pods-PomodoroCenter.release.xcconfig"; path = "Target Support Files/Pods-PomodoroCenter/Pods-PomodoroCenter.release.xcconfig"; sourceTree = "<group>"; };
		E20E608D28DC6D3000D43F02 /* Extensions.swift */ = {isa = PBXFileReference; lastKnownFileType = sourcecode.swift; path = Extensions.swift; sourceTree = "<group>"; };
		E22E485F28DDC86000A84689 /* Time.swift */ = {isa = PBXFileReference; lastKnownFileType = sourcecode.swift; path = Time.swift; sourceTree = "<group>"; };
		E22E486528DDCB9600A84689 /* PomodoroCoreDataDatabase.swift */ = {isa = PBXFileReference; lastKnownFileType = sourcecode.swift; path = PomodoroCoreDataDatabase.swift; sourceTree = "<group>"; };
		E25126B428E0C7D600673B6F /* StatisticViewModel.swift */ = {isa = PBXFileReference; lastKnownFileType = sourcecode.swift; path = StatisticViewModel.swift; sourceTree = "<group>"; };
		E25126B628E0CF0200673B6F /* TimeByDay.swift */ = {isa = PBXFileReference; lastKnownFileType = sourcecode.swift; path = TimeByDay.swift; sourceTree = "<group>"; };
		E27A98B428E058E90002C14F /* StatisticsViewController.swift */ = {isa = PBXFileReference; lastKnownFileType = sourcecode.swift; path = StatisticsViewController.swift; sourceTree = "<group>"; };
		E2955EA128E19C25002D868C /* Functions.swift */ = {isa = PBXFileReference; lastKnownFileType = sourcecode.swift; path = Functions.swift; sourceTree = "<group>"; };
		E2A26BE728D9D4AE0098A182 /* TimeType.swift */ = {isa = PBXFileReference; lastKnownFileType = sourcecode.swift; path = TimeType.swift; sourceTree = "<group>"; };
		E2B74AFA28D8EE4D0076ACC4 /* TimeViewModel.swift */ = {isa = PBXFileReference; lastKnownFileType = sourcecode.swift; path = TimeViewModel.swift; sourceTree = "<group>"; };
		E2B79D5028D891AD00058EF5 /* PomodoroCenter.app */ = {isa = PBXFileReference; explicitFileType = wrapper.application; includeInIndex = 0; path = PomodoroCenter.app; sourceTree = BUILT_PRODUCTS_DIR; };
		E2B79D5328D891AD00058EF5 /* AppDelegate.swift */ = {isa = PBXFileReference; lastKnownFileType = sourcecode.swift; path = AppDelegate.swift; sourceTree = "<group>"; };
		E2B79D5528D891AD00058EF5 /* SceneDelegate.swift */ = {isa = PBXFileReference; lastKnownFileType = sourcecode.swift; path = SceneDelegate.swift; sourceTree = "<group>"; };
		E2B79D5728D891AD00058EF5 /* HomeViewController.swift */ = {isa = PBXFileReference; lastKnownFileType = sourcecode.swift; path = HomeViewController.swift; sourceTree = "<group>"; };
		E2B79D5D28D891AD00058EF5 /* PomodoroCenter.xcdatamodel */ = {isa = PBXFileReference; lastKnownFileType = wrapper.xcdatamodel; path = PomodoroCenter.xcdatamodel; sourceTree = "<group>"; };
		E2B79D5F28D891AF00058EF5 /* Assets.xcassets */ = {isa = PBXFileReference; lastKnownFileType = folder.assetcatalog; path = Assets.xcassets; sourceTree = "<group>"; };
		E2B79D6228D891AF00058EF5 /* Base */ = {isa = PBXFileReference; lastKnownFileType = file.storyboard; name = Base; path = Base.lproj/LaunchScreen.storyboard; sourceTree = "<group>"; };
		E2B79D6428D891AF00058EF5 /* Info.plist */ = {isa = PBXFileReference; lastKnownFileType = text.plist.xml; path = Info.plist; sourceTree = "<group>"; };
/* End PBXFileReference section */

/* Begin PBXFrameworksBuildPhase section */
		E2B79D4D28D891AD00058EF5 /* Frameworks */ = {
			isa = PBXFrameworksBuildPhase;
			buildActionMask = 2147483647;
			files = (
				2BEF17078D6E844633CFB8A8 /* Pods_PomodoroCenter.framework in Frameworks */,
			);
			runOnlyForDeploymentPostprocessing = 0;
		};
/* End PBXFrameworksBuildPhase section */

/* Begin PBXGroup section */
		BAAF0C7C738798DCB50342BD /* Pods */ = {
			isa = PBXGroup;
			children = (
				204D242226EFEB5AE8379F2A /* Pods-PomodoroCenter.debug.xcconfig */,
				9E4E5312E4304CAA511AD97F /* Pods-PomodoroCenter.release.xcconfig */,
			);
			path = Pods;
			sourceTree = "<group>";
		};
		E20E608C28DC6D1100D43F02 /* Extension */ = {
			isa = PBXGroup;
			children = (
				E20E608D28DC6D3000D43F02 /* Extensions.swift */,
			);
			path = Extension;
			sourceTree = "<group>";
		};
		E22E486428DDCB8200A84689 /* Database */ = {
			isa = PBXGroup;
			children = (
				E22E486528DDCB9600A84689 /* PomodoroCoreDataDatabase.swift */,
			);
			path = Database;
			sourceTree = "<group>";
		};
		E2955EA028E19C14002D868C /* Utils */ = {
			isa = PBXGroup;
			children = (
				E2955EA128E19C25002D868C /* Functions.swift */,
			);
			path = Utils;
			sourceTree = "<group>";
		};
		E2B74AF728D8EDB60076ACC4 /* Models */ = {
			isa = PBXGroup;
			children = (
				E2A26BE728D9D4AE0098A182 /* TimeType.swift */,
				E22E485F28DDC86000A84689 /* Time.swift */,
				E25126B628E0CF0200673B6F /* TimeByDay.swift */,
			);
			path = Models;
			sourceTree = "<group>";
		};
		E2B74AF828D8EDC40076ACC4 /* ViewModels */ = {
			isa = PBXGroup;
			children = (
				E2B74AFA28D8EE4D0076ACC4 /* TimeViewModel.swift */,
				E25126B428E0C7D600673B6F /* StatisticViewModel.swift */,
			);
			path = ViewModels;
			sourceTree = "<group>";
		};
		E2B74AF928D8EDD30076ACC4 /* Views */ = {
			isa = PBXGroup;
			children = (
				E2B79D5728D891AD00058EF5 /* HomeViewController.swift */,
				E27A98B428E058E90002C14F /* StatisticsViewController.swift */,
			);
			path = Views;
			sourceTree = "<group>";
		};
		E2B79D4728D891AD00058EF5 = {
			isa = PBXGroup;
			children = (
				E2B79D5228D891AD00058EF5 /* PomodoroCenter */,
				E2B79D5128D891AD00058EF5 /* Products */,
				BAAF0C7C738798DCB50342BD /* Pods */,
				FF36B1674DC92F0CDBE1DA1B /* Frameworks */,
			);
			sourceTree = "<group>";
		};
		E2B79D5128D891AD00058EF5 /* Products */ = {
			isa = PBXGroup;
			children = (
				E2B79D5028D891AD00058EF5 /* PomodoroCenter.app */,
			);
			name = Products;
			sourceTree = "<group>";
		};
		E2B79D5228D891AD00058EF5 /* PomodoroCenter */ = {
			isa = PBXGroup;
			children = (
				E2955EA028E19C14002D868C /* Utils */,
				E22E486428DDCB8200A84689 /* Database */,
				E20E608C28DC6D1100D43F02 /* Extension */,
				E2B74AF928D8EDD30076ACC4 /* Views */,
				E2B74AF828D8EDC40076ACC4 /* ViewModels */,
				E2B74AF728D8EDB60076ACC4 /* Models */,
				E2B79D5328D891AD00058EF5 /* AppDelegate.swift */,
				E2B79D5528D891AD00058EF5 /* SceneDelegate.swift */,
				E2B79D5F28D891AF00058EF5 /* Assets.xcassets */,
				E2B79D6128D891AF00058EF5 /* LaunchScreen.storyboard */,
				E2B79D6428D891AF00058EF5 /* Info.plist */,
				E2B79D5C28D891AD00058EF5 /* PomodoroCenter.xcdatamodeld */,
			);
			path = PomodoroCenter;
			sourceTree = "<group>";
		};
		FF36B1674DC92F0CDBE1DA1B /* Frameworks */ = {
			isa = PBXGroup;
			children = (
				4CEE1D24B463AEBE1A23A579 /* Pods_PomodoroCenter.framework */,
			);
			name = Frameworks;
			sourceTree = "<group>";
		};
/* End PBXGroup section */

/* Begin PBXNativeTarget section */
		E2B79D4F28D891AD00058EF5 /* PomodoroCenter */ = {
			isa = PBXNativeTarget;
			buildConfigurationList = E2B79D6728D891AF00058EF5 /* Build configuration list for PBXNativeTarget "PomodoroCenter" */;
			buildPhases = (
				868C3C3C13470191EF496C6C /* [CP] Check Pods Manifest.lock */,
				E2B79D4C28D891AD00058EF5 /* Sources */,
				E2B79D4D28D891AD00058EF5 /* Frameworks */,
				E2B79D4E28D891AD00058EF5 /* Resources */,
				9034401E502A83099298E206 /* [CP] Embed Pods Frameworks */,
			);
			buildRules = (
			);
			dependencies = (
			);
			name = PomodoroCenter;
			productName = PomodoroCenter;
			productReference = E2B79D5028D891AD00058EF5 /* PomodoroCenter.app */;
			productType = "com.apple.product-type.application";
		};
/* End PBXNativeTarget section */

/* Begin PBXProject section */
		E2B79D4828D891AD00058EF5 /* Project object */ = {
			isa = PBXProject;
			attributes = {
				BuildIndependentTargetsInParallel = 1;
				LastSwiftUpdateCheck = 1340;
				LastUpgradeCheck = 1340;
				TargetAttributes = {
					E2B79D4F28D891AD00058EF5 = {
						CreatedOnToolsVersion = 13.4.1;
					};
				};
			};
			buildConfigurationList = E2B79D4B28D891AD00058EF5 /* Build configuration list for PBXProject "PomodoroCenter" */;
			compatibilityVersion = "Xcode 13.0";
			developmentRegion = en;
			hasScannedForEncodings = 0;
			knownRegions = (
				en,
				Base,
			);
			mainGroup = E2B79D4728D891AD00058EF5;
			productRefGroup = E2B79D5128D891AD00058EF5 /* Products */;
			projectDirPath = "";
			projectRoot = "";
			targets = (
				E2B79D4F28D891AD00058EF5 /* PomodoroCenter */,
			);
		};
/* End PBXProject section */

/* Begin PBXResourcesBuildPhase section */
		E2B79D4E28D891AD00058EF5 /* Resources */ = {
			isa = PBXResourcesBuildPhase;
			buildActionMask = 2147483647;
			files = (
				E2B79D6328D891AF00058EF5 /* LaunchScreen.storyboard in Resources */,
				E2B79D6028D891AF00058EF5 /* Assets.xcassets in Resources */,
			);
			runOnlyForDeploymentPostprocessing = 0;
		};
/* End PBXResourcesBuildPhase section */

/* Begin PBXShellScriptBuildPhase section */
		868C3C3C13470191EF496C6C /* [CP] Check Pods Manifest.lock */ = {
			isa = PBXShellScriptBuildPhase;
			buildActionMask = 2147483647;
			files = (
			);
			inputFileListPaths = (
			);
			inputPaths = (
				"${PODS_PODFILE_DIR_PATH}/Podfile.lock",
				"${PODS_ROOT}/Manifest.lock",
			);
			name = "[CP] Check Pods Manifest.lock";
			outputFileListPaths = (
			);
			outputPaths = (
				"$(DERIVED_FILE_DIR)/Pods-PomodoroCenter-checkManifestLockResult.txt",
			);
			runOnlyForDeploymentPostprocessing = 0;
			shellPath = /bin/sh;
			shellScript = "diff \"${PODS_PODFILE_DIR_PATH}/Podfile.lock\" \"${PODS_ROOT}/Manifest.lock\" > /dev/null\nif [ $? != 0 ] ; then\n    # print error to STDERR\n    echo \"error: The sandbox is not in sync with the Podfile.lock. Run 'pod install' or update your CocoaPods installation.\" >&2\n    exit 1\nfi\n# This output is used by Xcode 'outputs' to avoid re-running this script phase.\necho \"SUCCESS\" > \"${SCRIPT_OUTPUT_FILE_0}\"\n";
			showEnvVarsInLog = 0;
		};
		9034401E502A83099298E206 /* [CP] Embed Pods Frameworks */ = {
			isa = PBXShellScriptBuildPhase;
			buildActionMask = 2147483647;
			files = (
			);
			inputFileListPaths = (
				"${PODS_ROOT}/Target Support Files/Pods-PomodoroCenter/Pods-PomodoroCenter-frameworks-${CONFIGURATION}-input-files.xcfilelist",
			);
			name = "[CP] Embed Pods Frameworks";
			outputFileListPaths = (
				"${PODS_ROOT}/Target Support Files/Pods-PomodoroCenter/Pods-PomodoroCenter-frameworks-${CONFIGURATION}-output-files.xcfilelist",
			);
			runOnlyForDeploymentPostprocessing = 0;
			shellPath = /bin/sh;
			shellScript = "\"${PODS_ROOT}/Target Support Files/Pods-PomodoroCenter/Pods-PomodoroCenter-frameworks.sh\"\n";
			showEnvVarsInLog = 0;
		};
/* End PBXShellScriptBuildPhase section */

/* Begin PBXSourcesBuildPhase section */
		E2B79D4C28D891AD00058EF5 /* Sources */ = {
			isa = PBXSourcesBuildPhase;
			buildActionMask = 2147483647;
			files = (
				E25126B528E0C7D600673B6F /* StatisticViewModel.swift in Sources */,
				E2B79D5828D891AD00058EF5 /* HomeViewController.swift in Sources */,
				E27A98B528E058E90002C14F /* StatisticsViewController.swift in Sources */,
				E2B79D5428D891AD00058EF5 /* AppDelegate.swift in Sources */,
				E20E608E28DC6D3000D43F02 /* Extensions.swift in Sources */,
				E2955EA228E19C25002D868C /* Functions.swift in Sources */,
				E2B74AFB28D8EE4D0076ACC4 /* TimeViewModel.swift in Sources */,
				E25126B728E0CF0200673B6F /* TimeByDay.swift in Sources */,
				E22E486028DDC86000A84689 /* Time.swift in Sources */,
				E2A26BE828D9D4AE0098A182 /* TimeType.swift in Sources */,
				E2B79D5628D891AD00058EF5 /* SceneDelegate.swift in Sources */,
				E22E486628DDCB9600A84689 /* PomodoroCoreDataDatabase.swift in Sources */,
				E2B79D5E28D891AD00058EF5 /* PomodoroCenter.xcdatamodeld in Sources */,
			);
			runOnlyForDeploymentPostprocessing = 0;
		};
/* End PBXSourcesBuildPhase section */

/* Begin PBXVariantGroup section */
		E2B79D6128D891AF00058EF5 /* LaunchScreen.storyboard */ = {
			isa = PBXVariantGroup;
			children = (
				E2B79D6228D891AF00058EF5 /* Base */,
			);
			name = LaunchScreen.storyboard;
			sourceTree = "<group>";
		};
/* End PBXVariantGroup section */

/* Begin XCBuildConfiguration section */
		E2B79D6528D891AF00058EF5 /* Debug */ = {
			isa = XCBuildConfiguration;
			buildSettings = {
				ALWAYS_SEARCH_USER_PATHS = NO;
				CLANG_ANALYZER_NONNULL = YES;
				CLANG_ANALYZER_NUMBER_OBJECT_CONVERSION = YES_AGGRESSIVE;
				CLANG_CXX_LANGUAGE_STANDARD = "gnu++17";
				CLANG_ENABLE_MODULES = YES;
				CLANG_ENABLE_OBJC_ARC = YES;
				CLANG_ENABLE_OBJC_WEAK = YES;
				CLANG_WARN_BLOCK_CAPTURE_AUTORELEASING = YES;
				CLANG_WARN_BOOL_CONVERSION = YES;
				CLANG_WARN_COMMA = YES;
				CLANG_WARN_CONSTANT_CONVERSION = YES;
				CLANG_WARN_DEPRECATED_OBJC_IMPLEMENTATIONS = YES;
				CLANG_WARN_DIRECT_OBJC_ISA_USAGE = YES_ERROR;
				CLANG_WARN_DOCUMENTATION_COMMENTS = YES;
				CLANG_WARN_EMPTY_BODY = YES;
				CLANG_WARN_ENUM_CONVERSION = YES;
				CLANG_WARN_INFINITE_RECURSION = YES;
				CLANG_WARN_INT_CONVERSION = YES;
				CLANG_WARN_NON_LITERAL_NULL_CONVERSION = YES;
				CLANG_WARN_OBJC_IMPLICIT_RETAIN_SELF = YES;
				CLANG_WARN_OBJC_LITERAL_CONVERSION = YES;
				CLANG_WARN_OBJC_ROOT_CLASS = YES_ERROR;
				CLANG_WARN_QUOTED_INCLUDE_IN_FRAMEWORK_HEADER = YES;
				CLANG_WARN_RANGE_LOOP_ANALYSIS = YES;
				CLANG_WARN_STRICT_PROTOTYPES = YES;
				CLANG_WARN_SUSPICIOUS_MOVE = YES;
				CLANG_WARN_UNGUARDED_AVAILABILITY = YES_AGGRESSIVE;
				CLANG_WARN_UNREACHABLE_CODE = YES;
				CLANG_WARN__DUPLICATE_METHOD_MATCH = YES;
				COPY_PHASE_STRIP = NO;
				DEBUG_INFORMATION_FORMAT = dwarf;
				ENABLE_STRICT_OBJC_MSGSEND = YES;
				ENABLE_TESTABILITY = YES;
				GCC_C_LANGUAGE_STANDARD = gnu11;
				GCC_DYNAMIC_NO_PIC = NO;
				GCC_NO_COMMON_BLOCKS = YES;
				GCC_OPTIMIZATION_LEVEL = 0;
				GCC_PREPROCESSOR_DEFINITIONS = (
					"DEBUG=1",
					"$(inherited)",
				);
				GCC_WARN_64_TO_32_BIT_CONVERSION = YES;
				GCC_WARN_ABOUT_RETURN_TYPE = YES_ERROR;
				GCC_WARN_UNDECLARED_SELECTOR = YES;
				GCC_WARN_UNINITIALIZED_AUTOS = YES_AGGRESSIVE;
				GCC_WARN_UNUSED_FUNCTION = YES;
				GCC_WARN_UNUSED_VARIABLE = YES;
				IPHONEOS_DEPLOYMENT_TARGET = 15.5;
				MTL_ENABLE_DEBUG_INFO = INCLUDE_SOURCE;
				MTL_FAST_MATH = YES;
				ONLY_ACTIVE_ARCH = YES;
				SDKROOT = iphoneos;
				SWIFT_ACTIVE_COMPILATION_CONDITIONS = DEBUG;
				SWIFT_OPTIMIZATION_LEVEL = "-Onone";
			};
			name = Debug;
		};
		E2B79D6628D891AF00058EF5 /* Release */ = {
			isa = XCBuildConfiguration;
			buildSettings = {
				ALWAYS_SEARCH_USER_PATHS = NO;
				CLANG_ANALYZER_NONNULL = YES;
				CLANG_ANALYZER_NUMBER_OBJECT_CONVERSION = YES_AGGRESSIVE;
				CLANG_CXX_LANGUAGE_STANDARD = "gnu++17";
				CLANG_ENABLE_MODULES = YES;
				CLANG_ENABLE_OBJC_ARC = YES;
				CLANG_ENABLE_OBJC_WEAK = YES;
				CLANG_WARN_BLOCK_CAPTURE_AUTORELEASING = YES;
				CLANG_WARN_BOOL_CONVERSION = YES;
				CLANG_WARN_COMMA = YES;
				CLANG_WARN_CONSTANT_CONVERSION = YES;
				CLANG_WARN_DEPRECATED_OBJC_IMPLEMENTATIONS = YES;
				CLANG_WARN_DIRECT_OBJC_ISA_USAGE = YES_ERROR;
				CLANG_WARN_DOCUMENTATION_COMMENTS = YES;
				CLANG_WARN_EMPTY_BODY = YES;
				CLANG_WARN_ENUM_CONVERSION = YES;
				CLANG_WARN_INFINITE_RECURSION = YES;
				CLANG_WARN_INT_CONVERSION = YES;
				CLANG_WARN_NON_LITERAL_NULL_CONVERSION = YES;
				CLANG_WARN_OBJC_IMPLICIT_RETAIN_SELF = YES;
				CLANG_WARN_OBJC_LITERAL_CONVERSION = YES;
				CLANG_WARN_OBJC_ROOT_CLASS = YES_ERROR;
				CLANG_WARN_QUOTED_INCLUDE_IN_FRAMEWORK_HEADER = YES;
				CLANG_WARN_RANGE_LOOP_ANALYSIS = YES;
				CLANG_WARN_STRICT_PROTOTYPES = YES;
				CLANG_WARN_SUSPICIOUS_MOVE = YES;
				CLANG_WARN_UNGUARDED_AVAILABILITY = YES_AGGRESSIVE;
				CLANG_WARN_UNREACHABLE_CODE = YES;
				CLANG_WARN__DUPLICATE_METHOD_MATCH = YES;
				COPY_PHASE_STRIP = NO;
				DEBUG_INFORMATION_FORMAT = "dwarf-with-dsym";
				ENABLE_NS_ASSERTIONS = NO;
				ENABLE_STRICT_OBJC_MSGSEND = YES;
				GCC_C_LANGUAGE_STANDARD = gnu11;
				GCC_NO_COMMON_BLOCKS = YES;
				GCC_WARN_64_TO_32_BIT_CONVERSION = YES;
				GCC_WARN_ABOUT_RETURN_TYPE = YES_ERROR;
				GCC_WARN_UNDECLARED_SELECTOR = YES;
				GCC_WARN_UNINITIALIZED_AUTOS = YES_AGGRESSIVE;
				GCC_WARN_UNUSED_FUNCTION = YES;
				GCC_WARN_UNUSED_VARIABLE = YES;
				IPHONEOS_DEPLOYMENT_TARGET = 15.5;
				MTL_ENABLE_DEBUG_INFO = NO;
				MTL_FAST_MATH = YES;
				SDKROOT = iphoneos;
				SWIFT_COMPILATION_MODE = wholemodule;
				SWIFT_OPTIMIZATION_LEVEL = "-O";
				VALIDATE_PRODUCT = YES;
			};
			name = Release;
		};
		E2B79D6828D891AF00058EF5 /* Debug */ = {
			isa = XCBuildConfiguration;
			baseConfigurationReference = 204D242226EFEB5AE8379F2A /* Pods-PomodoroCenter.debug.xcconfig */;
			buildSettings = {
				ASSETCATALOG_COMPILER_APPICON_NAME = AppIcon;
				ASSETCATALOG_COMPILER_GLOBAL_ACCENT_COLOR_NAME = AccentColor;
				CODE_SIGN_STYLE = Automatic;
				CURRENT_PROJECT_VERSION = 1;
				GENERATE_INFOPLIST_FILE = YES;
				INFOPLIST_FILE = PomodoroCenter/Info.plist;
				INFOPLIST_KEY_UIApplicationSupportsIndirectInputEvents = YES;
				INFOPLIST_KEY_UILaunchStoryboardName = LaunchScreen;
				INFOPLIST_KEY_UIMainStoryboardFile = "";
				INFOPLIST_KEY_UISupportedInterfaceOrientations_iPad = "UIInterfaceOrientationPortrait UIInterfaceOrientationPortraitUpsideDown UIInterfaceOrientationLandscapeLeft UIInterfaceOrientationLandscapeRight";
				INFOPLIST_KEY_UISupportedInterfaceOrientations_iPhone = "UIInterfaceOrientationPortrait UIInterfaceOrientationLandscapeLeft UIInterfaceOrientationLandscapeRight";
				LD_RUNPATH_SEARCH_PATHS = (
					"$(inherited)",
					"@executable_path/Frameworks",
				);
				MARKETING_VERSION = 1.0;
				PRODUCT_BUNDLE_IDENTIFIER = Oguzhan.PomodoroCenter;
				PRODUCT_NAME = "$(TARGET_NAME)";
				SWIFT_EMIT_LOC_STRINGS = YES;
				SWIFT_VERSION = 5.0;
				TARGETED_DEVICE_FAMILY = "1,2";
			};
			name = Debug;
		};
		E2B79D6928D891AF00058EF5 /* Release */ = {
			isa = XCBuildConfiguration;
			baseConfigurationReference = 9E4E5312E4304CAA511AD97F /* Pods-PomodoroCenter.release.xcconfig */;
			buildSettings = {
				ASSETCATALOG_COMPILER_APPICON_NAME = AppIcon;
				ASSETCATALOG_COMPILER_GLOBAL_ACCENT_COLOR_NAME = AccentColor;
				CODE_SIGN_STYLE = Automatic;
				CURRENT_PROJECT_VERSION = 1;
				GENERATE_INFOPLIST_FILE = YES;
				INFOPLIST_FILE = PomodoroCenter/Info.plist;
				INFOPLIST_KEY_UIApplicationSupportsIndirectInputEvents = YES;
				INFOPLIST_KEY_UILaunchStoryboardName = LaunchScreen;
				INFOPLIST_KEY_UIMainStoryboardFile = "";
				INFOPLIST_KEY_UISupportedInterfaceOrientations_iPad = "UIInterfaceOrientationPortrait UIInterfaceOrientationPortraitUpsideDown UIInterfaceOrientationLandscapeLeft UIInterfaceOrientationLandscapeRight";
				INFOPLIST_KEY_UISupportedInterfaceOrientations_iPhone = "UIInterfaceOrientationPortrait UIInterfaceOrientationLandscapeLeft UIInterfaceOrientationLandscapeRight";
				LD_RUNPATH_SEARCH_PATHS = (
					"$(inherited)",
					"@executable_path/Frameworks",
				);
				MARKETING_VERSION = 1.0;
				PRODUCT_BUNDLE_IDENTIFIER = Oguzhan.PomodoroCenter;
				PRODUCT_NAME = "$(TARGET_NAME)";
				SWIFT_EMIT_LOC_STRINGS = YES;
				SWIFT_VERSION = 5.0;
				TARGETED_DEVICE_FAMILY = "1,2";
			};
			name = Release;
		};
/* End XCBuildConfiguration section */

/* Begin XCConfigurationList section */
		E2B79D4B28D891AD00058EF5 /* Build configuration list for PBXProject "PomodoroCenter" */ = {
			isa = XCConfigurationList;
			buildConfigurations = (
				E2B79D6528D891AF00058EF5 /* Debug */,
				E2B79D6628D891AF00058EF5 /* Release */,
			);
			defaultConfigurationIsVisible = 0;
			defaultConfigurationName = Release;
		};
		E2B79D6728D891AF00058EF5 /* Build configuration list for PBXNativeTarget "PomodoroCenter" */ = {
			isa = XCConfigurationList;
			buildConfigurations = (
				E2B79D6828D891AF00058EF5 /* Debug */,
				E2B79D6928D891AF00058EF5 /* Release */,
			);
			defaultConfigurationIsVisible = 0;
			defaultConfigurationName = Release;
		};
/* End XCConfigurationList section */

/* Begin XCVersionGroup section */
		E2B79D5C28D891AD00058EF5 /* PomodoroCenter.xcdatamodeld */ = {
			isa = XCVersionGroup;
			children = (
				E2B79D5D28D891AD00058EF5 /* PomodoroCenter.xcdatamodel */,
			);
			currentVersion = E2B79D5D28D891AD00058EF5 /* PomodoroCenter.xcdatamodel */;
			path = PomodoroCenter.xcdatamodeld;
			sourceTree = "<group>";
			versionGroupType = wrapper.xcdatamodel;
		};
/* End XCVersionGroup section */
	};
	rootObject = E2B79D4828D891AD00058EF5 /* Project object */;
}
